// !$*UTF8*$!
{
	archiveVersion = 1;
	classes = {
	};
	objectVersion = 46;
	objects = {

/* Begin PBXBuildFile section */
		A0072ADE0F1D0EC500B4A594 /* sfml-system.framework in Copy Frameworks */ = {isa = PBXBuildFile; fileRef = A01FB6CB0F07CFF2000AAC7B /* sfml-system.framework */; };
		A0072ADF0F1D0EC500B4A594 /* sfml-window.framework in Copy Frameworks */ = {isa = PBXBuildFile; fileRef = A01FB6CC0F07CFF2000AAC7B /* sfml-window.framework */; };
		A0072AE00F1D0EC500B4A594 /* sfml-graphics.framework in Copy Frameworks */ = {isa = PBXBuildFile; fileRef = A01FB6CA0F07CFF2000AAC7B /* sfml-graphics.framework */; };
		A01FB6CE0F07CFF2000AAC7B /* sfml-graphics.framework in Frameworks */ = {isa = PBXBuildFile; fileRef = A01FB6CA0F07CFF2000AAC7B /* sfml-graphics.framework */; };
		A01FB6CF0F07CFF2000AAC7B /* sfml-system.framework in Frameworks */ = {isa = PBXBuildFile; fileRef = A01FB6CB0F07CFF2000AAC7B /* sfml-system.framework */; };
		A01FB6D00F07CFF2000AAC7B /* sfml-window.framework in Frameworks */ = {isa = PBXBuildFile; fileRef = A01FB6CC0F07CFF2000AAC7B /* sfml-window.framework */; };
		F0022C71142D162000CCB2BC /* comic.ttf in Resources */ = {isa = PBXBuildFile; fileRef = F0022C70142D162000CCB2BC /* comic.ttf */; };
		F010FB10143310A600829A3E /* LinearMath.framework in Frameworks */ = {isa = PBXBuildFile; fileRef = F010FB0F143310A600829A3E /* LinearMath.framework */; };
		F010FB14143310B000829A3E /* BulletSoftBody.framework in Frameworks */ = {isa = PBXBuildFile; fileRef = F010FB11143310B000829A3E /* BulletSoftBody.framework */; };
		F010FB15143310B000829A3E /* BulletDynamics.framework in Frameworks */ = {isa = PBXBuildFile; fileRef = F010FB12143310B000829A3E /* BulletDynamics.framework */; };
		F010FB16143310B000829A3E /* BulletCollision.framework in Frameworks */ = {isa = PBXBuildFile; fileRef = F010FB13143310B000829A3E /* BulletCollision.framework */; };
		F06398641421E21B007732E4 /* OpenGL.framework in Frameworks */ = {isa = PBXBuildFile; fileRef = F06398631421E21B007732E4 /* OpenGL.framework */; };
		F06398FC1421E297007732E4 /* camera.cpp in Sources */ = {isa = PBXBuildFile; fileRef = F06398F81421E297007732E4 /* camera.cpp */; };
		F06398FD1421E297007732E4 /* Cursor.cpp in Sources */ = {isa = PBXBuildFile; fileRef = F06398F91421E297007732E4 /* Cursor.cpp */; };
		F06398FE1421E297007732E4 /* main.cpp in Sources */ = {isa = PBXBuildFile; fileRef = F06398FA1421E297007732E4 /* main.cpp */; };
		F06398FF1421E297007732E4 /* fonctions.cpp in Sources */ = {isa = PBXBuildFile; fileRef = F06398FB1421E297007732E4 /* fonctions.cpp */; };
/* End PBXBuildFile section */

/* Begin PBXCopyFilesBuildPhase section */
		A0072AF00F1D0EDD00B4A594 /* Copy Frameworks */ = {
			isa = PBXCopyFilesBuildPhase;
			buildActionMask = 2147483647;
			dstPath = "";
			dstSubfolderSpec = 10;
			files = (
				A0072ADE0F1D0EC500B4A594 /* sfml-system.framework in Copy Frameworks */,
				A0072ADF0F1D0EC500B4A594 /* sfml-window.framework in Copy Frameworks */,
				A0072AE00F1D0EC500B4A594 /* sfml-graphics.framework in Copy Frameworks */,
			);
			name = "Copy Frameworks";
			runOnlyForDeploymentPostprocessing = 0;
		};
/* End PBXCopyFilesBuildPhase section */

/* Begin PBXFileReference section */
		A01FB6A90F07CF6E000AAC7B /* Kapla graphique.app */ = {isa = PBXFileReference; explicitFileType = wrapper.application; includeInIndex = 0; path = "Kapla graphique.app"; sourceTree = BUILT_PRODUCTS_DIR; };
		A01FB6AC0F07CF6E000AAC7B /* Info.plist */ = {isa = PBXFileReference; lastKnownFileType = text.plist.xml; path = Info.plist; sourceTree = "<group>"; };
		A01FB6CA0F07CFF2000AAC7B /* sfml-graphics.framework */ = {isa = PBXFileReference; lastKnownFileType = wrapper.framework; name = "sfml-graphics.framework"; path = "/Library/Frameworks/sfml-graphics.framework"; sourceTree = "<absolute>"; };
		A01FB6CB0F07CFF2000AAC7B /* sfml-system.framework */ = {isa = PBXFileReference; lastKnownFileType = wrapper.framework; name = "sfml-system.framework"; path = "/Library/Frameworks/sfml-system.framework"; sourceTree = "<absolute>"; };
		A01FB6CC0F07CFF2000AAC7B /* sfml-window.framework */ = {isa = PBXFileReference; lastKnownFileType = wrapper.framework; name = "sfml-window.framework"; path = "/Library/Frameworks/sfml-window.framework"; sourceTree = "<absolute>"; };
		A01FB6CD0F07CFF2000AAC7B /* SFML.framework */ = {isa = PBXFileReference; lastKnownFileType = wrapper.framework; name = SFML.framework; path = /Library/Frameworks/SFML.framework; sourceTree = "<absolute>"; };
		F0022C70142D162000CCB2BC /* comic.ttf */ = {isa = PBXFileReference; lastKnownFileType = file; path = comic.ttf; sourceTree = "<group>"; };
		F010FB0F143310A600829A3E /* LinearMath.framework */ = {isa = PBXFileReference; lastKnownFileType = wrapper.framework; path = LinearMath.framework; sourceTree = "<group>"; };
		F010FB11143310B000829A3E /* BulletSoftBody.framework */ = {isa = PBXFileReference; lastKnownFileType = wrapper.framework; path = BulletSoftBody.framework; sourceTree = "<group>"; };
		F010FB12143310B000829A3E /* BulletDynamics.framework */ = {isa = PBXFileReference; lastKnownFileType = wrapper.framework; path = BulletDynamics.framework; sourceTree = "<group>"; };
		F010FB13143310B000829A3E /* BulletCollision.framework */ = {isa = PBXFileReference; lastKnownFileType = wrapper.framework; path = BulletCollision.framework; sourceTree = "<group>"; };
		F06398631421E21B007732E4 /* OpenGL.framework */ = {isa = PBXFileReference; lastKnownFileType = wrapper.framework; path = OpenGL.framework; sourceTree = "<group>"; };
		F06398F51421E288007732E4 /* camera.h */ = {isa = PBXFileReference; fileEncoding = 4; lastKnownFileType = sourcecode.c.h; path = camera.h; sourceTree = "<group>"; };
		F06398F61421E288007732E4 /* Cursor.h */ = {isa = PBXFileReference; fileEncoding = 4; lastKnownFileType = sourcecode.c.h; path = Cursor.h; sourceTree = "<group>"; };
		F06398F71421E288007732E4 /* fonctions.h */ = {isa = PBXFileReference; fileEncoding = 4; lastKnownFileType = sourcecode.c.h; path = fonctions.h; sourceTree = "<group>"; };
		F06398F81421E297007732E4 /* camera.cpp */ = {isa = PBXFileReference; fileEncoding = 4; lastKnownFileType = sourcecode.cpp.cpp; path = camera.cpp; sourceTree = "<group>"; };
		F06398F91421E297007732E4 /* Cursor.cpp */ = {isa = PBXFileReference; fileEncoding = 4; lastKnownFileType = sourcecode.cpp.cpp; path = Cursor.cpp; sourceTree = "<group>"; };
		F06398FA1421E297007732E4 /* main.cpp */ = {isa = PBXFileReference; fileEncoding = 4; lastKnownFileType = sourcecode.cpp.cpp; path = main.cpp; sourceTree = "<group>"; };
		F06398FB1421E297007732E4 /* fonctions.cpp */ = {isa = PBXFileReference; fileEncoding = 4; lastKnownFileType = sourcecode.cpp.cpp; path = fonctions.cpp; sourceTree = "<group>"; };
/* End PBXFileReference section */

/* Begin PBXFrameworksBuildPhase section */
		A01FB6A70F07CF6E000AAC7B /* Frameworks */ = {
			isa = PBXFrameworksBuildPhase;
			buildActionMask = 2147483647;
			files = (
				A01FB6CE0F07CFF2000AAC7B /* sfml-graphics.framework in Frameworks */,
				A01FB6CF0F07CFF2000AAC7B /* sfml-system.framework in Frameworks */,
				A01FB6D00F07CFF2000AAC7B /* sfml-window.framework in Frameworks */,
				F06398641421E21B007732E4 /* OpenGL.framework in Frameworks */,
				F010FB10143310A600829A3E /* LinearMath.framework in Frameworks */,
				F010FB14143310B000829A3E /* BulletSoftBody.framework in Frameworks */,
				F010FB15143310B000829A3E /* BulletDynamics.framework in Frameworks */,
				F010FB16143310B000829A3E /* BulletCollision.framework in Frameworks */,
			);
			runOnlyForDeploymentPostprocessing = 0;
		};
/* End PBXFrameworksBuildPhase section */

/* Begin PBXGroup section */
		A01FB69A0F07CF63000AAC7B = {
			isa = PBXGroup;
			children = (
				F06398F41421E26A007732E4 /* Header */,
				A01FB6B20F07CF80000AAC7B /* Sources */,
				A01FB6B10F07CF7C000AAC7B /* Resources */,
				A01FB6B00F07CF75000AAC7B /* Frameworks */,
				A01FB6AA0F07CF6E000AAC7B /* Products */,
			);
			sourceTree = "<group>";
		};
		A01FB6AA0F07CF6E000AAC7B /* Products */ = {
			isa = PBXGroup;
			children = (
				A01FB6A90F07CF6E000AAC7B /* Kapla graphique.app */,
			);
			name = Products;
			sourceTree = "<group>";
		};
		A01FB6B00F07CF75000AAC7B /* Frameworks */ = {
			isa = PBXGroup;
			children = (
				F010FB11143310B000829A3E /* BulletSoftBody.framework */,
				F010FB12143310B000829A3E /* BulletDynamics.framework */,
				F010FB13143310B000829A3E /* BulletCollision.framework */,
				F010FB0F143310A600829A3E /* LinearMath.framework */,
				F06398631421E21B007732E4 /* OpenGL.framework */,
				A01FB6CD0F07CFF2000AAC7B /* SFML.framework */,
				A01FB6CB0F07CFF2000AAC7B /* sfml-system.framework */,
				A01FB6CC0F07CFF2000AAC7B /* sfml-window.framework */,
				A01FB6CA0F07CFF2000AAC7B /* sfml-graphics.framework */,
			);
			name = Frameworks;
			sourceTree = "<group>";
		};
		A01FB6B10F07CF7C000AAC7B /* Resources */ = {
			isa = PBXGroup;
			children = (
				F0022C70142D162000CCB2BC /* comic.ttf */,
				A01FB6AC0F07CF6E000AAC7B /* Info.plist */,
			);
			name = Resources;
			sourceTree = "<group>";
		};
		A01FB6B20F07CF80000AAC7B /* Sources */ = {
			isa = PBXGroup;
			children = (
				F06398F81421E297007732E4 /* camera.cpp */,
				F06398F91421E297007732E4 /* Cursor.cpp */,
				F06398FA1421E297007732E4 /* main.cpp */,
				F06398FB1421E297007732E4 /* fonctions.cpp */,
			);
			name = Sources;
			sourceTree = "<group>";
		};
		F06398F41421E26A007732E4 /* Header */ = {
			isa = PBXGroup;
			children = (
				F06398F51421E288007732E4 /* camera.h */,
				F06398F61421E288007732E4 /* Cursor.h */,
				F06398F71421E288007732E4 /* fonctions.h */,
			);
			name = Header;
			sourceTree = "<group>";
		};
/* End PBXGroup section */

/* Begin PBXNativeTarget section */
		A01FB6A80F07CF6E000AAC7B /* Kapla graphique */ = {
			isa = PBXNativeTarget;
			buildConfigurationList = A01FB6AF0F07CF6F000AAC7B /* Build configuration list for PBXNativeTarget "Kapla graphique" */;
			buildPhases = (
				A01FB6A50F07CF6E000AAC7B /* Resources */,
				A01FB6A60F07CF6E000AAC7B /* Sources */,
				A01FB6A70F07CF6E000AAC7B /* Frameworks */,
				A0072AF00F1D0EDD00B4A594 /* Copy Frameworks */,
			);
			buildRules = (
			);
			dependencies = (
			);
			name = "Kapla graphique";
			productName = "Kapla graphique";
			productReference = A01FB6A90F07CF6E000AAC7B /* Kapla graphique.app */;
			productType = "com.apple.product-type.application";
		};
/* End PBXNativeTarget section */

/* Begin PBXProject section */
		A01FB69C0F07CF63000AAC7B /* Project object */ = {
			isa = PBXProject;
			attributes = {
				LastUpgradeCheck = 0410;
			};
			buildConfigurationList = A01FB69F0F07CF63000AAC7B /* Build configuration list for PBXProject "Kapla graphique" */;
			compatibilityVersion = "Xcode 3.2";
			developmentRegion = English;
			hasScannedForEncodings = 0;
			knownRegions = (
				English,
				Japanese,
				French,
				German,
			);
			mainGroup = A01FB69A0F07CF63000AAC7B;
			productRefGroup = A01FB6AA0F07CF6E000AAC7B /* Products */;
			projectDirPath = "";
			projectRoot = "";
			targets = (
				A01FB6A80F07CF6E000AAC7B /* Kapla graphique */,
			);
		};
/* End PBXProject section */

/* Begin PBXResourcesBuildPhase section */
		A01FB6A50F07CF6E000AAC7B /* Resources */ = {
			isa = PBXResourcesBuildPhase;
			buildActionMask = 2147483647;
			files = (
				F0022C71142D162000CCB2BC /* comic.ttf in Resources */,
			);
			runOnlyForDeploymentPostprocessing = 0;
		};
/* End PBXResourcesBuildPhase section */

/* Begin PBXSourcesBuildPhase section */
		A01FB6A60F07CF6E000AAC7B /* Sources */ = {
			isa = PBXSourcesBuildPhase;
			buildActionMask = 2147483647;
			files = (
				F06398FC1421E297007732E4 /* camera.cpp in Sources */,
				F06398FD1421E297007732E4 /* Cursor.cpp in Sources */,
				F06398FE1421E297007732E4 /* main.cpp in Sources */,
				F06398FF1421E297007732E4 /* fonctions.cpp in Sources */,
			);
			runOnlyForDeploymentPostprocessing = 0;
		};
/* End PBXSourcesBuildPhase section */

/* Begin XCBuildConfiguration section */
		A01FB69D0F07CF63000AAC7B /* Debug */ = {
			isa = XCBuildConfiguration;
			buildSettings = {
				ARCHS = "$(ARCHS_STANDARD_64_BIT)";
				COPY_PHASE_STRIP = NO;
				FRAMEWORK_SEARCH_PATHS = (
					/System/Library/Frameworks,
					"$(FRAMEWORK_SEARCH_PATHS)",
					"$(HOME)/Library/Frameworks",
					/Library/Frameworks,
					"\"$(SRCROOT)/../bullet-2.78/src\"",
				);
				HEADER_SEARCH_PATHS = (
					"\"$(SRCROOT)/../bullet-2.78/src\"",
					/Users/Ulala/develop/Kapla_graphic_part/Kapla,
					graphique/BulletDynamics.framework/Versions/2.78/Headers/btBulletDynamicsCommon.h,
					"$(HOME)/Library/Frameworks/SDL.framework/Headers",
					/Library/Frameworks/SDL.framework/Headers,
					"$(HEADER_SEARCH_PATHS)",
					"\"$(SRCROOT)/\"",
				);
				MACOSX_DEPLOYMENT_TARGET = 10.7;
				SDKROOT = macosx;
			};
			name = Debug;
		};
		A01FB69E0F07CF63000AAC7B /* Release */ = {
			isa = XCBuildConfiguration;
			buildSettings = {
				ARCHS = "$(ARCHS_STANDARD_64_BIT)";
				COPY_PHASE_STRIP = YES;
				FRAMEWORK_SEARCH_PATHS = (
					/System/Library/Frameworks,
					"$(FRAMEWORK_SEARCH_PATHS)",
					"$(HOME)/Library/Frameworks",
					/Library/Frameworks,
					"\"$(SRCROOT)/../bullet-2.78/src\"",
				);
				HEADER_SEARCH_PATHS = (
					"\"$(SRCROOT)/../bullet-2.78/src\"",
					/Users/Ulala/develop/Kapla_graphic_part/Kapla,
					graphique/BulletDynamics.framework/Versions/2.78/Headers/btBulletDynamicsCommon.h,
					"$(HOME)/Library/Frameworks/SDL.framework/Headers",
					/Library/Frameworks/SDL.framework/Headers,
					"$(HEADER_SEARCH_PATHS)",
					"\"$(SRCROOT)/\"",
				);
				MACOSX_DEPLOYMENT_TARGET = 10.7;
				SDKROOT = macosx;
			};
			name = Release;
		};
		A01FB6AD0F07CF6F000AAC7B /* Debug */ = {
			isa = XCBuildConfiguration;
			buildSettings = {
				ALWAYS_SEARCH_USER_PATHS = YES;
				ARCHS = "$(ARCHS_STANDARD_64_BIT)";
				COPY_PHASE_STRIP = NO;
				FRAMEWORK_SEARCH_PATHS = (
					"\"$(SRCROOT)/../bullet-2.78/src\"",
					/Library/Frameworks,
					"$(inherited)",
					"\"$(SRCROOT)\"",
				);
				GCC_DYNAMIC_NO_PIC = NO;
				GCC_MODEL_TUNING = G5;
				GCC_OPTIMIZATION_LEVEL = 0;
				HEADER_SEARCH_PATHS = (
					"\"$(SRCROOT)/\"",
					"$(HEADER_SEARCH_PATHS)",
					/Library/Frameworks/BulletDynamics.framework,
					/Library/Frameworks/BulletSoftBody.framework,
					/Library/Frameworks/LinearMath.framework,
					"\"/Library/Frameworks/sfml-audio.framework\"",
					"\"/Library/Frameworks/sfml-graphics.framework\"",
					"\"/Library/Frameworks/sfml-network.framework\"",
					"\"/Library/Frameworks/sfml-system.framework\"",
					"\"/Library/Frameworks/sfml-window.framework\"",
					/Library/Frameworks/SFML.framework,
					"\"$(SRCROOT)/../bullet-2.78/src\"",
					/Library/Frameworks/OpenGL.framework,
				);
				INFOPLIST_FILE = Info.plist;
				INSTALL_PATH = "$(HOME)/Applications";
				PRODUCT_NAME = "Kapla graphique";
			};
			name = Debug;
		};
		A01FB6AE0F07CF6F000AAC7B /* Release */ = {
			isa = XCBuildConfiguration;
			buildSettings = {
				ALWAYS_SEARCH_USER_PATHS = YES;
				ARCHS = "$(ARCHS_STANDARD_64_BIT)";
				COPY_PHASE_STRIP = YES;
				DEBUG_INFORMATION_FORMAT = "dwarf-with-dsym";
				FRAMEWORK_SEARCH_PATHS = (
					"\"$(SRCROOT)/../bullet-2.78/src\"",
					/Library/Frameworks,
					"$(inherited)",
					"\"$(SRCROOT)\"",
				);
				GCC_MODEL_TUNING = G5;
				HEADER_SEARCH_PATHS = (
					"\"$(SRCROOT)/\"",
					"$(HEADER_SEARCH_PATHS)",
					/Library/Frameworks/BulletDynamics.framework,
					/Library/Frameworks/BulletSoftBody.framework,
					/Library/Frameworks/LinearMath.framework,
					"\"/Library/Frameworks/sfml-audio.framework\"",
					"\"/Library/Frameworks/sfml-graphics.framework\"",
					"\"/Library/Frameworks/sfml-network.framework\"",
					"\"/Library/Frameworks/sfml-system.framework\"",
					"\"/Library/Frameworks/sfml-window.framework\"",
					/Library/Frameworks/SFML.framework,
					"\"$(SRCROOT)/../bullet-2.78/src\"",
					/Library/Frameworks/OpenGL.framework,
				);
				INFOPLIST_FILE = Info.plist;
				INSTALL_PATH = "$(HOME)/Applications";
				PRODUCT_NAME = "Kapla graphique";
				ZERO_LINK = NO;
			};
			name = Release;
		};
/* End XCBuildConfiguration section */

/* Begin XCConfigurationList section */
		A01FB69F0F07CF63000AAC7B /* Build configuration list for PBXProject "Kapla graphique" */ = {
			isa = XCConfigurationList;
			buildConfigurations = (
				A01FB69D0F07CF63000AAC7B /* Debug */,
				A01FB69E0F07CF63000AAC7B /* Release */,
			);
			defaultConfigurationIsVisible = 0;
			defaultConfigurationName = Release;
		};
		A01FB6AF0F07CF6F000AAC7B /* Build configuration list for PBXNativeTarget "Kapla graphique" */ = {
			isa = XCConfigurationList;
			buildConfigurations = (
				A01FB6AD0F07CF6F000AAC7B /* Debug */,
				A01FB6AE0F07CF6F000AAC7B /* Release */,
			);
			defaultConfigurationIsVisible = 0;
			defaultConfigurationName = Release;
		};
/* End XCConfigurationList section */
	};
	rootObject = A01FB69C0F07CF63000AAC7B /* Project object */;
}
